
Microsoft Visual Studio Solution File, Format Version 12.00
# Visual Studio Version 16
VisualStudioVersion = 16.0.30128.74
MinimumVisualStudioVersion = 10.0.40219.1
Project("{FAE04EC0-301F-11D3-BF4B-00C04F79EFBC}") = "Practice2021", "Practice2021\Practice2021.csproj", "{2A33D84E-75C5-4A19-AFF5-7A9C8C0BAFEF}"
EndProject
Global
	GlobalSection(SolutionConfigurationPlatforms) = preSolution
		Debug|Any CPU = Debug|Any CPU
		Release|Any CPU = Release|Any CPU
	EndGlobalSection
	GlobalSection(ProjectConfigurationPlatforms) = postSolution
		{2A33D84E-75C5-4A19-AFF5-7A9C8C0BAFEF}.Debug|Any CPU.ActiveCfg = Debug|Any CPU
		{2A33D84E-75C5-4A19-AFF5-7A9C8C0BAFEF}.Debug|Any CPU.Build.0 = Debug|Any CPU
		{2A33D84E-75C5-4A19-AFF5-7A9C8C0BAFEF}.Release|Any CPU.ActiveCfg = Release|Any CPU
		{2A33D84E-75C5-4A19-AFF5-7A9C8C0BAFEF}.Release|Any CPU.Build.0 = Release|Any CPU
	EndGlobalSection
	GlobalSection(SolutionProperties) = preSolution
		HideSolutionNode = FALSE
	EndGlobalSection
	GlobalSection(ExtensibilityGlobals) = postSolution
		SolutionGuid = {A6C11D3A-0A4B-43C9-92A1-78389299E4EE}
	EndGlobalSection
EndGlobal
